
Microsoft Visual Studio Solution File, Format Version 12.00
# Visual Studio Version 17
VisualStudioVersion = 17.5.33530.505
MinimumVisualStudioVersion = 10.0.40219.1
Project("{FAE04EC0-301F-11D3-BF4B-00C04F79EFBC}") = "MealPlanner", "MealPlanner\MealPlanner.csproj", "{C8CF71DE-5324-4F97-9445-DA871E4FAA50}"
EndProject
Global
	GlobalSection(SolutionConfigurationPlatforms) = preSolution
		Debug|Any CPU = Debug|Any CPU
		Release|Any CPU = Release|Any CPU
	EndGlobalSection
	GlobalSection(ProjectConfigurationPlatforms) = postSolution
		{C8CF71DE-5324-4F97-9445-DA871E4FAA50}.Debug|Any CPU.ActiveCfg = Debug|Any CPU
		{C8CF71DE-5324-4F97-9445-DA871E4FAA50}.Debug|Any CPU.Build.0 = Debug|Any CPU
		{C8CF71DE-5324-4F97-9445-DA871E4FAA50}.Release|Any CPU.ActiveCfg = Release|Any CPU
		{C8CF71DE-5324-4F97-9445-DA871E4FAA50}.Release|Any CPU.Build.0 = Release|Any CPU
	EndGlobalSection
	GlobalSection(SolutionProperties) = preSolution
		HideSolutionNode = FALSE
	EndGlobalSection
	GlobalSection(ExtensibilityGlobals) = postSolution
		SolutionGuid = {606625B0-5244-43C5-9D19-0BA30DCA91D3}
	EndGlobalSection
EndGlobal
